{
  "originHash" : "deca85ee0852a95aef17ad5a1b237e744ff5b6af4d8513d73e8838ed33df3657",
  "pins" : [
    {
      "identity" : "easynet",
      "kind" : "remoteSourceControl",
      "location" : "https://github.com/rezaulislamtarek/EasyNet.git",
      "state" : {
        "branch" : "main",
        "revision" : "2ef832359236a7dcdb14c0e15d054c59cacc7eac"
      }
    },
    {
      "identity" : "kingfisher",
      "kind" : "remoteSourceControl",
      "location" : "https://github.com/onevcat/Kingfisher.git",
      "state" : {
        "revision" : "4d75de347da985a70c63af4d799ed482021f6733",
        "version" : "8.6.1"
      }
    }
  ],
  "version" : 3
}
